
Microsoft Visual Studio Solution File, Format Version 12.00
# Visual Studio Version 16
VisualStudioVersion = 16.0.32802.440
MinimumVisualStudioVersion = 10.0.40219.1
Project("{9A19103F-16F7-4668-BE54-9A1E7A4F7556}") = "CapstoneProject", "CapstoneProject.csproj", "{1F068F4A-FCE0-4160-A9B4-97DC5B496E07}"
EndProject
Project("{FAE04EC0-301F-11D3-BF4B-00C04F79EFBC}") = "TestProject1", "..\TestProject1\TestProject1.csproj", "{F5DD4CC2-FF4E-45C6-B371-AA843C71621D}"
EndProject
Global
	GlobalSection(SolutionConfigurationPlatforms) = preSolution
		Debug|Any CPU = Debug|Any CPU
		Release|Any CPU = Release|Any CPU
	EndGlobalSection
	GlobalSection(ProjectConfigurationPlatforms) = postSolution
		{1F068F4A-FCE0-4160-A9B4-97DC5B496E07}.Debug|Any CPU.ActiveCfg = Debug|Any CPU
		{1F068F4A-FCE0-4160-A9B4-97DC5B496E07}.Debug|Any CPU.Build.0 = Debug|Any CPU
		{1F068F4A-FCE0-4160-A9B4-97DC5B496E07}.Release|Any CPU.ActiveCfg = Release|Any CPU
		{1F068F4A-FCE0-4160-A9B4-97DC5B496E07}.Release|Any CPU.Build.0 = Release|Any CPU
		{F5DD4CC2-FF4E-45C6-B371-AA843C71621D}.Debug|Any CPU.ActiveCfg = Debug|Any CPU
		{F5DD4CC2-FF4E-45C6-B371-AA843C71621D}.Debug|Any CPU.Build.0 = Debug|Any CPU
		{F5DD4CC2-FF4E-45C6-B371-AA843C71621D}.Release|Any CPU.ActiveCfg = Release|Any CPU
		{F5DD4CC2-FF4E-45C6-B371-AA843C71621D}.Release|Any CPU.Build.0 = Release|Any CPU
	EndGlobalSection
	GlobalSection(SolutionProperties) = preSolution
		HideSolutionNode = FALSE
	EndGlobalSection
	GlobalSection(ExtensibilityGlobals) = postSolution
		SolutionGuid = {A149183D-08C5-40EE-A9C4-BECD5187920C}
	EndGlobalSection
EndGlobal
